Microsoft Visual Studio Solution File, Format Version 11.00
# Visual Studio 2008

Project("{D702C478-F91A-960D-CD3A-A67690FF0034}") = "vkds", "Assembly-CSharp-firstpass-vs.csproj", "{2A7DCFA7-0331-20AC-DC70-044180A4DAE6}"
EndProject
Project("{D702C478-F91A-960D-CD3A-A67690FF0034}") = "vkds", "Assembly-CSharp-vs.csproj", "{8DBCAF4D-715A-2A3E-AF47-D8C070A9FB5E}"
EndProject
Project("{D702C478-F91A-960D-CD3A-A67690FF0034}") = "vkds", "Assembly-CSharp-Editor-vs.csproj", "{BEE15897-85E8-5C4E-9E7D-77E955FC0F4F}"
EndProject
Global
	GlobalSection(SolutionConfigurationPlatforms) = preSolution
		Debug|Any CPU = Debug|Any CPU
		Release|Any CPU = Release|Any CPU
	EndGlobalSection
	GlobalSection(ProjectConfigurationPlatforms) = postSolution
		{2A7DCFA7-0331-20AC-DC70-044180A4DAE6}.Debug|Any CPU.ActiveCfg = Debug|Any CPU
		{2A7DCFA7-0331-20AC-DC70-044180A4DAE6}.Debug|Any CPU.Build.0 = Debug|Any CPU
		{2A7DCFA7-0331-20AC-DC70-044180A4DAE6}.Release|Any CPU.ActiveCfg = Release|Any CPU
		{2A7DCFA7-0331-20AC-DC70-044180A4DAE6}.Release|Any CPU.Build.0 = Release|Any CPU
		{8DBCAF4D-715A-2A3E-AF47-D8C070A9FB5E}.Debug|Any CPU.ActiveCfg = Debug|Any CPU
		{8DBCAF4D-715A-2A3E-AF47-D8C070A9FB5E}.Debug|Any CPU.Build.0 = Debug|Any CPU
		{8DBCAF4D-715A-2A3E-AF47-D8C070A9FB5E}.Release|Any CPU.ActiveCfg = Release|Any CPU
		{8DBCAF4D-715A-2A3E-AF47-D8C070A9FB5E}.Release|Any CPU.Build.0 = Release|Any CPU
		{BEE15897-85E8-5C4E-9E7D-77E955FC0F4F}.Debug|Any CPU.ActiveCfg = Debug|Any CPU
		{BEE15897-85E8-5C4E-9E7D-77E955FC0F4F}.Debug|Any CPU.Build.0 = Debug|Any CPU
		{BEE15897-85E8-5C4E-9E7D-77E955FC0F4F}.Release|Any CPU.ActiveCfg = Release|Any CPU
		{BEE15897-85E8-5C4E-9E7D-77E955FC0F4F}.Release|Any CPU.Build.0 = Release|Any CPU
	EndGlobalSection
	GlobalSection(SolutionProperties) = preSolution
		HideSolutionNode = FALSE
	EndGlobalSection
							GlobalSection(MonoDevelopProperties) = preSolution
		StartupItem = Assembly-CSharp.csproj
		Policies = $0
		$0.TextStylePolicy = $1
		$1.inheritsSet = null
		$1.scope = text/x-csharp
		$0.CSharpFormattingPolicy = $2
		$2.inheritsSet = Mono
		$2.inheritsScope = text/x-csharp
		$2.scope = text/x-csharp
		$0.TextStylePolicy = $3
		$3.FileWidth = 120
		$3.TabWidth = 4
		$3.IndentWidth = 4
		$3.EolMarker = Unix
		$3.inheritsSet = Mono
		$3.inheritsScope = text/plain
		$3.scope = text/plain
	EndGlobalSection

EndGlobal
